langcode: en
status: true
dependencies:
  module:
  - lgmsmodule
id: lgmsguideownerblock
theme: roblib_2023
region: sidebar_first
weight: 0
provider: lgmsmodule
plugin: lgms_guide_owner_block
settings:
  id: lgms_guide_owner_block
  label: 'LGMS Guide Owner Block'
  label_display: visible
  provider: lgmsmodule
visibility:
  'entity_bundle:node':
    id: 'entity_bundle:node'
    negate: false
    context_mapping:
      node: '@node.node_route_context:node'
    bundles:
      guide: guide
