#langcode: en
#status: true
#dependencies:
 # module:
 #   - lgmsmodule
#id: page_view_block
#theme: roblib_2023
#region: sidebar_first
#weight: 0
#provider: lgmsmodule
#plugin: page_view_block
#settings:
#  id: page_view_block  .
#  label: 'LGMS Page View Block'
#  label_display: visible
#  provider: lgmsmodule
#visibility:
#  'entity_bundle:node':
#    id: 'entity_bundle:node'
#    negate: false
#    context_mapping:
#      node: '@node.node_route_context:node'
#    bundles:
#      guide: guide
#      guide_page: 'guide_page'
#      sub_page: 'sub_page'
